
Microsoft Visual Studio Solution File, Format Version 12.00
# Visual Studio 14
VisualStudioVersion = 14.0.23107.0
MinimumVisualStudioVersion = 10.0.40219.1
Project("{FAE04EC0-301F-11D3-BF4B-00C04F79EFBC}") = "Morning_Planning", "Morning_Planning\Morning_Planning.csproj", "{8B4824BB-906F-464A-8032-9F97726787DC}"
EndProject
Global
	GlobalSection(SolutionConfigurationPlatforms) = preSolution
		Debug|Any CPU = Debug|Any CPU
		Release|Any CPU = Release|Any CPU
	EndGlobalSection
	GlobalSection(ProjectConfigurationPlatforms) = postSolution
		{8B4824BB-906F-464A-8032-9F97726787DC}.Debug|Any CPU.ActiveCfg = Debug|Any CPU
		{8B4824BB-906F-464A-8032-9F97726787DC}.Debug|Any CPU.Build.0 = Debug|Any CPU
		{8B4824BB-906F-464A-8032-9F97726787DC}.Release|Any CPU.ActiveCfg = Release|Any CPU
		{8B4824BB-906F-464A-8032-9F97726787DC}.Release|Any CPU.Build.0 = Release|Any CPU
	EndGlobalSection
	GlobalSection(SolutionProperties) = preSolution
		HideSolutionNode = FALSE
	EndGlobalSection
EndGlobal
